// !$*UTF8*$!
{
	archiveVersion = 1;
	classes = {
	};
	objectVersion = 77;
	objects = {

/* Begin PBXContainerItemProxy section */
		D8A3173B2EFDC8A6002C9A61 /* PBXContainerItemProxy */ = {
			isa = PBXContainerItemProxy;
			containerPortal = D8A317252EFDC8A2002C9A61 /* Project object */;
			proxyType = 1;
			remoteGlobalIDString = D8A3172C2EFDC8A3002C9A61;
			remoteInfo = LoremPicsum;
		};
		D8A317452EFDC8A6002C9A61 /* PBXContainerItemProxy */ = {
			isa = PBXContainerItemProxy;
			containerPortal = D8A317252EFDC8A2002C9A61 /* Project object */;
			proxyType = 1;
			remoteGlobalIDString = D8A3172C2EFDC8A3002C9A61;
			remoteInfo = LoremPicsum;
		};
/* End PBXContainerItemProxy section */

/* Begin PBXFileReference section */
		D8A3172D2EFDC8A3002C9A61 /* LoremPicsum.app */ = {isa = PBXFileReference; explicitFileType = wrapper.application; includeInIndex = 0; path = LoremPicsum.app; sourceTree = BUILT_PRODUCTS_DIR; };
		D8A3173A2EFDC8A6002C9A61 /* LoremPicsumTests.xctest */ = {isa = PBXFileReference; explicitFileType = wrapper.cfbundle; includeInIndex = 0; path = LoremPicsumTests.xctest; sourceTree = BUILT_PRODUCTS_DIR; };
		D8A317442EFDC8A6002C9A61 /* LoremPicsumUITests.xctest */ = {isa = PBXFileReference; explicitFileType = wrapper.cfbundle; includeInIndex = 0; path = LoremPicsumUITests.xctest; sourceTree = BUILT_PRODUCTS_DIR; };
		D8A317572EFDC930002C9A61 /* coding-challenge.md */ = {isa = PBXFileReference; lastKnownFileType = net.daringfireball.markdown; path = "coding-challenge.md"; sourceTree = "<group>"; };
/* End PBXFileReference section */

/* Begin PBXFileSystemSynchronizedRootGroup section */
		D8A3172F2EFDC8A3002C9A61 /* LoremPicsum */ = {
			isa = PBXFileSystemSynchronizedRootGroup;
			path = LoremPicsum;
			sourceTree = "<group>";
		};
		D8A3173D2EFDC8A6002C9A61 /* LoremPicsumTests */ = {
			isa = PBXFileSystemSynchronizedRootGroup;
			path = LoremPicsumTests;
			sourceTree = "<group>";
		};
		D8A317472EFDC8A6002C9A61 /* LoremPicsumUITests */ = {
			isa = PBXFileSystemSynchronizedRootGroup;
			path = LoremPicsumUITests;
			sourceTree = "<group>";
		};
/* End PBXFileSystemSynchronizedRootGroup section */

/* Begin PBXFrameworksBuildPhase section */
		D8A3172A2EFDC8A3002C9A61 /* Frameworks */ = {
			isa = PBXFrameworksBuildPhase;
			buildActionMask = 2147483647;
			files = (
			);
			runOnlyForDeploymentPostprocessing = 0;
		};
		D8A317372EFDC8A6002C9A61 /* Frameworks */ = {
			isa = PBXFrameworksBuildPhase;
			buildActionMask = 2147483647;
			files = (
			);
			runOnlyForDeploymentPostprocessing = 0;
		};
		D8A317412EFDC8A6002C9A61 /* Frameworks */ = {
			isa = PBXFrameworksBuildPhase;
			buildActionMask = 2147483647;
			files = (
			);
			runOnlyForDeploymentPostprocessing = 0;
		};
/* End PBXFrameworksBuildPhase section */

/* Begin PBXGroup section */
		D8A317242EFDC8A2002C9A61 = {
			isa = PBXGroup;
			children = (
				D8A3172F2EFDC8A3002C9A61 /* LoremPicsum */,
				D8A3173D2EFDC8A6002C9A61 /* LoremPicsumTests */,
				D8A317472EFDC8A6002C9A61 /* LoremPicsumUITests */,
				D8A3172E2EFDC8A3002C9A61 /* Products */,
				D8A317572EFDC930002C9A61 /* coding-challenge.md */,
			);
			sourceTree = "<group>";
		};
		D8A3172E2EFDC8A3002C9A61 /* Products */ = {
			isa = PBXGroup;
			children = (
				D8A3172D2EFDC8A3002C9A61 /* LoremPicsum.app */,
				D8A3173A2EFDC8A6002C9A61 /* LoremPicsumTests.xctest */,
				D8A317442EFDC8A6002C9A61 /* LoremPicsumUITests.xctest */,
			);
			name = Products;
			sourceTree = "<group>";
		};
/* End PBXGroup section */

/* Begin PBXNativeTarget section */
		D8A3172C2EFDC8A3002C9A61 /* LoremPicsum */ = {
			isa = PBXNativeTarget;
			buildConfigurationList = D8A3174E2EFDC8A6002C9A61 /* Build configuration list for PBXNativeTarget "LoremPicsum" */;
			buildPhases = (
				D8A317292EFDC8A3002C9A61 /* Sources */,
				D8A3172A2EFDC8A3002C9A61 /* Frameworks */,
				D8A3172B2EFDC8A3002C9A61 /* Resources */,
			);
			buildRules = (
			);
			dependencies = (
			);
			fileSystemSynchronizedGroups = (
				D8A3172F2EFDC8A3002C9A61 /* LoremPicsum */,
			);
			name = LoremPicsum;
			packageProductDependencies = (
			);
			productName = LoremPicsum;
			productReference = D8A3172D2EFDC8A3002C9A61 /* LoremPicsum.app */;
			productType = "com.apple.product-type.application";
		};
		D8A317392EFDC8A6002C9A61 /* LoremPicsumTests */ = {
			isa = PBXNativeTarget;
			buildConfigurationList = D8A317512EFDC8A6002C9A61 /* Build configuration list for PBXNativeTarget "LoremPicsumTests" */;
			buildPhases = (
				D8A317362EFDC8A6002C9A61 /* Sources */,
				D8A317372EFDC8A6002C9A61 /* Frameworks */,
				D8A317382EFDC8A6002C9A61 /* Resources */,
			);
			buildRules = (
			);
			dependencies = (
				D8A3173C2EFDC8A6002C9A61 /* PBXTargetDependency */,
			);
			fileSystemSynchronizedGroups = (
				D8A3173D2EFDC8A6002C9A61 /* LoremPicsumTests */,
			);
			name = LoremPicsumTests;
			packageProductDependencies = (
			);
			productName = LoremPicsumTests;
			productReference = D8A3173A2EFDC8A6002C9A61 /* LoremPicsumTests.xctest */;
			productType = "com.apple.product-type.bundle.unit-test";
		};
		D8A317432EFDC8A6002C9A61 /* LoremPicsumUITests */ = {
			isa = PBXNativeTarget;
			buildConfigurationList = D8A317542EFDC8A6002C9A61 /* Build configuration list for PBXNativeTarget "LoremPicsumUITests" */;
			buildPhases = (
				D8A317402EFDC8A6002C9A61 /* Sources */,
				D8A317412EFDC8A6002C9A61 /* Frameworks */,
				D8A317422EFDC8A6002C9A61 /* Resources */,
			);
			buildRules = (
			);
			dependencies = (
				D8A317462EFDC8A6002C9A61 /* PBXTargetDependency */,
			);
			fileSystemSynchronizedGroups = (
				D8A317472EFDC8A6002C9A61 /* LoremPicsumUITests */,
			);
			name = LoremPicsumUITests;
			packageProductDependencies = (
			);
			productName = LoremPicsumUITests;
			productReference = D8A317442EFDC8A6002C9A61 /* LoremPicsumUITests.xctest */;
			productType = "com.apple.product-type.bundle.ui-testing";
		};
/* End PBXNativeTarget section */

/* Begin PBXProject section */
		D8A317252EFDC8A2002C9A61 /* Project object */ = {
			isa = PBXProject;
			attributes = {
				BuildIndependentTargetsInParallel = 1;
				LastSwiftUpdateCheck = 2620;
				LastUpgradeCheck = 2620;
				TargetAttributes = {
					D8A3172C2EFDC8A3002C9A61 = {
						CreatedOnToolsVersion = 26.2;
					};
					D8A317392EFDC8A6002C9A61 = {
						CreatedOnToolsVersion = 26.2;
						TestTargetID = D8A3172C2EFDC8A3002C9A61;
					};
					D8A317432EFDC8A6002C9A61 = {
						CreatedOnToolsVersion = 26.2;
						TestTargetID = D8A3172C2EFDC8A3002C9A61;
					};
				};
			};
			buildConfigurationList = D8A317282EFDC8A3002C9A61 /* Build configuration list for PBXProject "LoremPicsum" */;
			developmentRegion = en;
			hasScannedForEncodings = 0;
			knownRegions = (
				en,
				Base,
			);
			mainGroup = D8A317242EFDC8A2002C9A61;
			minimizedProjectReferenceProxies = 1;
			preferredProjectObjectVersion = 77;
			productRefGroup = D8A3172E2EFDC8A3002C9A61 /* Products */;
			projectDirPath = "";
			projectRoot = "";
			targets = (
				D8A3172C2EFDC8A3002C9A61 /* LoremPicsum */,
				D8A317392EFDC8A6002C9A61 /* LoremPicsumTests */,
				D8A317432EFDC8A6002C9A61 /* LoremPicsumUITests */,
			);
		};
/* End PBXProject section */

/* Begin PBXResourcesBuildPhase section */
		D8A3172B2EFDC8A3002C9A61 /* Resources */ = {
			isa = PBXResourcesBuildPhase;
			buildActionMask = 2147483647;
			files = (
			);
			runOnlyForDeploymentPostprocessing = 0;
		};
		D8A317382EFDC8A6002C9A61 /* Resources */ = {
			isa = PBXResourcesBuildPhase;
			buildActionMask = 2147483647;
			files = (
			);
			runOnlyForDeploymentPostprocessing = 0;
		};
		D8A317422EFDC8A6002C9A61 /* Resources */ = {
			isa = PBXResourcesBuildPhase;
			buildActionMask = 2147483647;
			files = (
			);
			runOnlyForDeploymentPostprocessing = 0;
		};
/* End PBXResourcesBuildPhase section */

/* Begin PBXSourcesBuildPhase section */
		D8A317292EFDC8A3002C9A61 /* Sources */ = {
			isa = PBXSourcesBuildPhase;
			buildActionMask = 2147483647;
			files = (
			);
			runOnlyForDeploymentPostprocessing = 0;
		};
		D8A317362EFDC8A6002C9A61 /* Sources */ = {
			isa = PBXSourcesBuildPhase;
			buildActionMask = 2147483647;
			files = (
			);
			runOnlyForDeploymentPostprocessing = 0;
		};
		D8A317402EFDC8A6002C9A61 /* Sources */ = {
			isa = PBXSourcesBuildPhase;
			buildActionMask = 2147483647;
			files = (
			);
			runOnlyForDeploymentPostprocessing = 0;
		};
/* End PBXSourcesBuildPhase section */

/* Begin PBXTargetDependency section */
		D8A3173C2EFDC8A6002C9A61 /* PBXTargetDependency */ = {
			isa = PBXTargetDependency;
			target = D8A3172C2EFDC8A3002C9A61 /* LoremPicsum */;
			targetProxy = D8A3173B2EFDC8A6002C9A61 /* PBXContainerItemProxy */;
		};
		D8A317462EFDC8A6002C9A61 /* PBXTargetDependency */ = {
			isa = PBXTargetDependency;
			target = D8A3172C2EFDC8A3002C9A61 /* LoremPicsum */;
			targetProxy = D8A317452EFDC8A6002C9A61 /* PBXContainerItemProxy */;
		};
/* End PBXTargetDependency section */

/* Begin XCBuildConfiguration section */
		D8A3174C2EFDC8A6002C9A61 /* Debug */ = {
			isa = XCBuildConfiguration;
			buildSettings = {
				ALWAYS_SEARCH_USER_PATHS = NO;
				ASSETCATALOG_COMPILER_GENERATE_SWIFT_ASSET_SYMBOL_EXTENSIONS = YES;
				CLANG_ANALYZER_NONNULL = YES;
				CLANG_ANALYZER_NUMBER_OBJECT_CONVERSION = YES_AGGRESSIVE;
				CLANG_CXX_LANGUAGE_STANDARD = "gnu++20";
				CLANG_ENABLE_MODULES = YES;
				CLANG_ENABLE_OBJC_ARC = YES;
				CLANG_ENABLE_OBJC_WEAK = YES;
				CLANG_WARN_BLOCK_CAPTURE_AUTORELEASING = YES;
				CLANG_WARN_BOOL_CONVERSION = YES;
				CLANG_WARN_COMMA = YES;
				CLANG_WARN_CONSTANT_CONVERSION = YES;
				CLANG_WARN_DEPRECATED_OBJC_IMPLEMENTATIONS = YES;
				CLANG_WARN_DIRECT_OBJC_ISA_USAGE = YES_ERROR;
				CLANG_WARN_DOCUMENTATION_COMMENTS = YES;
				CLANG_WARN_EMPTY_BODY = YES;
				CLANG_WARN_ENUM_CONVERSION = YES;
				CLANG_WARN_INFINITE_RECURSION = YES;
				CLANG_WARN_INT_CONVERSION = YES;
				CLANG_WARN_NON_LITERAL_NULL_CONVERSION = YES;
				CLANG_WARN_OBJC_IMPLICIT_RETAIN_SELF = YES;
				CLANG_WARN_OBJC_LITERAL_CONVERSION = YES;
				CLANG_WARN_OBJC_ROOT_CLASS = YES_ERROR;
				CLANG_WARN_QUOTED_INCLUDE_IN_FRAMEWORK_HEADER = YES;
				CLANG_WARN_RANGE_LOOP_ANALYSIS = YES;
				CLANG_WARN_STRICT_PROTOTYPES = YES;
				CLANG_WARN_SUSPICIOUS_MOVE = YES;
				CLANG_WARN_UNGUARDED_AVAILABILITY = YES_AGGRESSIVE;
				CLANG_WARN_UNREACHABLE_CODE = YES;
				CLANG_WARN__DUPLICATE_METHOD_MATCH = YES;
				COPY_PHASE_STRIP = NO;
				DEBUG_INFORMATION_FORMAT = dwarf;
				DEVELOPMENT_TEAM = 6LMJ33D787;
				ENABLE_STRICT_OBJC_MSGSEND = YES;
				ENABLE_TESTABILITY = YES;
				ENABLE_USER_SCRIPT_SANDBOXING = YES;
				GCC_C_LANGUAGE_STANDARD = gnu17;
				GCC_DYNAMIC_NO_PIC = NO;
				GCC_NO_COMMON_BLOCKS = YES;
				GCC_OPTIMIZATION_LEVEL = 0;
				GCC_PREPROCESSOR_DEFINITIONS = (
					"DEBUG=1",
					"$(inherited)",
				);
				GCC_WARN_64_TO_32_BIT_CONVERSION = YES;
				GCC_WARN_ABOUT_RETURN_TYPE = YES_ERROR;
				GCC_WARN_UNDECLARED_SELECTOR = YES;
				GCC_WARN_UNINITIALIZED_AUTOS = YES_AGGRESSIVE;
				GCC_WARN_UNUSED_FUNCTION = YES;
				GCC_WARN_UNUSED_VARIABLE = YES;
				IPHONEOS_DEPLOYMENT_TARGET = 26.2;
				LOCALIZATION_PREFERS_STRING_CATALOGS = YES;
				MTL_ENABLE_DEBUG_INFO = INCLUDE_SOURCE;
				MTL_FAST_MATH = YES;
				ONLY_ACTIVE_ARCH = YES;
				SDKROOT = iphoneos;
				SWIFT_ACTIVE_COMPILATION_CONDITIONS = "DEBUG $(inherited)";
				SWIFT_OPTIMIZATION_LEVEL = "-Onone";
			};
			name = Debug;
		};
		D8A3174D2EFDC8A6002C9A61 /* Release */ = {
			isa = XCBuildConfiguration;
			buildSettings = {
				ALWAYS_SEARCH_USER_PATHS = NO;
				ASSETCATALOG_COMPILER_GENERATE_SWIFT_ASSET_SYMBOL_EXTENSIONS = YES;
				CLANG_ANALYZER_NONNULL = YES;
				CLANG_ANALYZER_NUMBER_OBJECT_CONVERSION = YES_AGGRESSIVE;
				CLANG_CXX_LANGUAGE_STANDARD = "gnu++20";
				CLANG_ENABLE_MODULES = YES;
				CLANG_ENABLE_OBJC_ARC = YES;
				CLANG_ENABLE_OBJC_WEAK = YES;
				CLANG_WARN_BLOCK_CAPTURE_AUTORELEASING = YES;
				CLANG_WARN_BOOL_CONVERSION = YES;
				CLANG_WARN_COMMA = YES;
				CLANG_WARN_CONSTANT_CONVERSION = YES;
				CLANG_WARN_DEPRECATED_OBJC_IMPLEMENTATIONS = YES;
				CLANG_WARN_DIRECT_OBJC_ISA_USAGE = YES_ERROR;
				CLANG_WARN_DOCUMENTATION_COMMENTS = YES;
				CLANG_WARN_EMPTY_BODY = YES;
				CLANG_WARN_ENUM_CONVERSION = YES;
				CLANG_WARN_INFINITE_RECURSION = YES;
				CLANG_WARN_INT_CONVERSION = YES;
				CLANG_WARN_NON_LITERAL_NULL_CONVERSION = YES;
				CLANG_WARN_OBJC_IMPLICIT_RETAIN_SELF = YES;
				CLANG_WARN_OBJC_LITERAL_CONVERSION = YES;
				CLANG_WARN_OBJC_ROOT_CLASS = YES_ERROR;
				CLANG_WARN_QUOTED_INCLUDE_IN_FRAMEWORK_HEADER = YES;
				CLANG_WARN_RANGE_LOOP_ANALYSIS = YES;
				CLANG_WARN_STRICT_PROTOTYPES = YES;
				CLANG_WARN_SUSPICIOUS_MOVE = YES;
				CLANG_WARN_UNGUARDED_AVAILABILITY = YES_AGGRESSIVE;
				CLANG_WARN_UNREACHABLE_CODE = YES;
				CLANG_WARN__DUPLICATE_METHOD_MATCH = YES;
				COPY_PHASE_STRIP = NO;
				DEBUG_INFORMATION_FORMAT = "dwarf-with-dsym";
				DEVELOPMENT_TEAM = 6LMJ33D787;
				ENABLE_NS_ASSERTIONS = NO;
				ENABLE_STRICT_OBJC_MSGSEND = YES;
				ENABLE_USER_SCRIPT_SANDBOXING = YES;
				GCC_C_LANGUAGE_STANDARD = gnu17;
				GCC_NO_COMMON_BLOCKS = YES;
				GCC_WARN_64_TO_32_BIT_CONVERSION = YES;
				GCC_WARN_ABOUT_RETURN_TYPE = YES_ERROR;
				GCC_WARN_UNDECLARED_SELECTOR = YES;
				GCC_WARN_UNINITIALIZED_AUTOS = YES_AGGRESSIVE;
				GCC_WARN_UNUSED_FUNCTION = YES;
				GCC_WARN_UNUSED_VARIABLE = YES;
				IPHONEOS_DEPLOYMENT_TARGET = 26.2;
				LOCALIZATION_PREFERS_STRING_CATALOGS = YES;
				MTL_ENABLE_DEBUG_INFO = NO;
				MTL_FAST_MATH = YES;
				SDKROOT = iphoneos;
				SWIFT_COMPILATION_MODE = wholemodule;
				VALIDATE_PRODUCT = YES;
			};
			name = Release;
		};
		D8A3174F2EFDC8A6002C9A61 /* Debug */ = {
			isa = XCBuildConfiguration;
			buildSettings = {
				ASSETCATALOG_COMPILER_APPICON_NAME = AppIcon;
				ASSETCATALOG_COMPILER_GLOBAL_ACCENT_COLOR_NAME = AccentColor;
				CODE_SIGN_STYLE = Automatic;
				CURRENT_PROJECT_VERSION = 1;
				DEVELOPMENT_TEAM = 6LMJ33D787;
				ENABLE_PREVIEWS = YES;
				GENERATE_INFOPLIST_FILE = YES;
				INFOPLIST_KEY_UIApplicationSceneManifest_Generation = YES;
				INFOPLIST_KEY_UIApplicationSupportsIndirectInputEvents = YES;
				INFOPLIST_KEY_UILaunchScreen_Generation = YES;
				INFOPLIST_KEY_UISupportedInterfaceOrientations_iPad = "UIInterfaceOrientationPortrait UIInterfaceOrientationPortraitUpsideDown UIInterfaceOrientationLandscapeLeft UIInterfaceOrientationLandscapeRight";
				INFOPLIST_KEY_UISupportedInterfaceOrientations_iPhone = "UIInterfaceOrientationPortrait UIInterfaceOrientationLandscapeLeft UIInterfaceOrientationLandscapeRight";
				LD_RUNPATH_SEARCH_PATHS = (
					"$(inherited)",
					"@executable_path/Frameworks",
				);
				MARKETING_VERSION = 1.0;
				PRODUCT_BUNDLE_IDENTIFIER = com.gajduk.LoremPicsum;
				PRODUCT_NAME = "$(TARGET_NAME)";
				STRING_CATALOG_GENERATE_SYMBOLS = YES;
				SWIFT_APPROACHABLE_CONCURRENCY = YES;
				SWIFT_DEFAULT_ACTOR_ISOLATION = MainActor;
				SWIFT_EMIT_LOC_STRINGS = YES;
				SWIFT_UPCOMING_FEATURE_MEMBER_IMPORT_VISIBILITY = YES;
				SWIFT_VERSION = 5.0;
				TARGETED_DEVICE_FAMILY = "1,2";
			};
			name = Debug;
		};
		D8A317502EFDC8A6002C9A61 /* Release */ = {
			isa = XCBuildConfiguration;
			buildSettings = {
				ASSETCATALOG_COMPILER_APPICON_NAME = AppIcon;
				ASSETCATALOG_COMPILER_GLOBAL_ACCENT_COLOR_NAME = AccentColor;
				CODE_SIGN_STYLE = Automatic;
				CURRENT_PROJECT_VERSION = 1;
				DEVELOPMENT_TEAM = 6LMJ33D787;
				ENABLE_PREVIEWS = YES;
				GENERATE_INFOPLIST_FILE = YES;
				INFOPLIST_KEY_UIApplicationSceneManifest_Generation = YES;
				INFOPLIST_KEY_UIApplicationSupportsIndirectInputEvents = YES;
				INFOPLIST_KEY_UILaunchScreen_Generation = YES;
				INFOPLIST_KEY_UISupportedInterfaceOrientations_iPad = "UIInterfaceOrientationPortrait UIInterfaceOrientationPortraitUpsideDown UIInterfaceOrientationLandscapeLeft UIInterfaceOrientationLandscapeRight";
				INFOPLIST_KEY_UISupportedInterfaceOrientations_iPhone = "UIInterfaceOrientationPortrait UIInterfaceOrientationLandscapeLeft UIInterfaceOrientationLandscapeRight";
				LD_RUNPATH_SEARCH_PATHS = (
					"$(inherited)",
					"@executable_path/Frameworks",
				);
				MARKETING_VERSION = 1.0;
				PRODUCT_BUNDLE_IDENTIFIER = com.gajduk.LoremPicsum;
				PRODUCT_NAME = "$(TARGET_NAME)";
				STRING_CATALOG_GENERATE_SYMBOLS = YES;
				SWIFT_APPROACHABLE_CONCURRENCY = YES;
				SWIFT_DEFAULT_ACTOR_ISOLATION = MainActor;
				SWIFT_EMIT_LOC_STRINGS = YES;
				SWIFT_UPCOMING_FEATURE_MEMBER_IMPORT_VISIBILITY = YES;
				SWIFT_VERSION = 5.0;
				TARGETED_DEVICE_FAMILY = "1,2";
			};
			name = Release;
		};
		D8A317522EFDC8A6002C9A61 /* Debug */ = {
			isa = XCBuildConfiguration;
			buildSettings = {
				BUNDLE_LOADER = "$(TEST_HOST)";
				CODE_SIGN_STYLE = Automatic;
				CURRENT_PROJECT_VERSION = 1;
				DEVELOPMENT_TEAM = 6LMJ33D787;
				GENERATE_INFOPLIST_FILE = YES;
				IPHONEOS_DEPLOYMENT_TARGET = 26.2;
				MARKETING_VERSION = 1.0;
				PRODUCT_BUNDLE_IDENTIFIER = com.gajduk.LoremPicsumTests;
				PRODUCT_NAME = "$(TARGET_NAME)";
				STRING_CATALOG_GENERATE_SYMBOLS = NO;
				SWIFT_APPROACHABLE_CONCURRENCY = YES;
				SWIFT_EMIT_LOC_STRINGS = NO;
				SWIFT_UPCOMING_FEATURE_MEMBER_IMPORT_VISIBILITY = YES;
				SWIFT_VERSION = 5.0;
				TARGETED_DEVICE_FAMILY = "1,2";
				TEST_HOST = "$(BUILT_PRODUCTS_DIR)/LoremPicsum.app/$(BUNDLE_EXECUTABLE_FOLDER_PATH)/LoremPicsum";
			};
			name = Debug;
		};
		D8A317532EFDC8A6002C9A61 /* Release */ = {
			isa = XCBuildConfiguration;
			buildSettings = {
				BUNDLE_LOADER = "$(TEST_HOST)";
				CODE_SIGN_STYLE = Automatic;
				CURRENT_PROJECT_VERSION = 1;
				DEVELOPMENT_TEAM = 6LMJ33D787;
				GENERATE_INFOPLIST_FILE = YES;
				IPHONEOS_DEPLOYMENT_TARGET = 26.2;
				MARKETING_VERSION = 1.0;
				PRODUCT_BUNDLE_IDENTIFIER = com.gajduk.LoremPicsumTests;
				PRODUCT_NAME = "$(TARGET_NAME)";
				STRING_CATALOG_GENERATE_SYMBOLS = NO;
				SWIFT_APPROACHABLE_CONCURRENCY = YES;
				SWIFT_EMIT_LOC_STRINGS = NO;
				SWIFT_UPCOMING_FEATURE_MEMBER_IMPORT_VISIBILITY = YES;
				SWIFT_VERSION = 5.0;
				TARGETED_DEVICE_FAMILY = "1,2";
				TEST_HOST = "$(BUILT_PRODUCTS_DIR)/LoremPicsum.app/$(BUNDLE_EXECUTABLE_FOLDER_PATH)/LoremPicsum";
			};
			name = Release;
		};
		D8A317552EFDC8A6002C9A61 /* Debug */ = {
			isa = XCBuildConfiguration;
			buildSettings = {
				CODE_SIGN_STYLE = Automatic;
				CURRENT_PROJECT_VERSION = 1;
				DEVELOPMENT_TEAM = 6LMJ33D787;
				GENERATE_INFOPLIST_FILE = YES;
				MARKETING_VERSION = 1.0;
				PRODUCT_BUNDLE_IDENTIFIER = com.gajduk.LoremPicsumUITests;
				PRODUCT_NAME = "$(TARGET_NAME)";
				STRING_CATALOG_GENERATE_SYMBOLS = NO;
				SWIFT_APPROACHABLE_CONCURRENCY = YES;
				SWIFT_EMIT_LOC_STRINGS = NO;
				SWIFT_UPCOMING_FEATURE_MEMBER_IMPORT_VISIBILITY = YES;
				SWIFT_VERSION = 5.0;
				TARGETED_DEVICE_FAMILY = "1,2";
				TEST_TARGET_NAME = LoremPicsum;
			};
			name = Debug;
		};
		D8A317562EFDC8A6002C9A61 /* Release */ = {
			isa = XCBuildConfiguration;
			buildSettings = {
				CODE_SIGN_STYLE = Automatic;
				CURRENT_PROJECT_VERSION = 1;
				DEVELOPMENT_TEAM = 6LMJ33D787;
				GENERATE_INFOPLIST_FILE = YES;
				MARKETING_VERSION = 1.0;
				PRODUCT_BUNDLE_IDENTIFIER = com.gajduk.LoremPicsumUITests;
				PRODUCT_NAME = "$(TARGET_NAME)";
				STRING_CATALOG_GENERATE_SYMBOLS = NO;
				SWIFT_APPROACHABLE_CONCURRENCY = YES;
				SWIFT_EMIT_LOC_STRINGS = NO;
				SWIFT_UPCOMING_FEATURE_MEMBER_IMPORT_VISIBILITY = YES;
				SWIFT_VERSION = 5.0;
				TARGETED_DEVICE_FAMILY = "1,2";
				TEST_TARGET_NAME = LoremPicsum;
			};
			name = Release;
		};
/* End XCBuildConfiguration section */

/* Begin XCConfigurationList section */
		D8A317282EFDC8A3002C9A61 /* Build configuration list for PBXProject "LoremPicsum" */ = {
			isa = XCConfigurationList;
			buildConfigurations = (
				D8A3174C2EFDC8A6002C9A61 /* Debug */,
				D8A3174D2EFDC8A6002C9A61 /* Release */,
			);
			defaultConfigurationIsVisible = 0;
			defaultConfigurationName = Release;
		};
		D8A3174E2EFDC8A6002C9A61 /* Build configuration list for PBXNativeTarget "LoremPicsum" */ = {
			isa = XCConfigurationList;
			buildConfigurations = (
				D8A3174F2EFDC8A6002C9A61 /* Debug */,
				D8A317502EFDC8A6002C9A61 /* Release */,
			);
			defaultConfigurationIsVisible = 0;
			defaultConfigurationName = Release;
		};
		D8A317512EFDC8A6002C9A61 /* Build configuration list for PBXNativeTarget "LoremPicsumTests" */ = {
			isa = XCConfigurationList;
			buildConfigurations = (
				D8A317522EFDC8A6002C9A61 /* Debug */,
				D8A317532EFDC8A6002C9A61 /* Release */,
			);
			defaultConfigurationIsVisible = 0;
			defaultConfigurationName = Release;
		};
		D8A317542EFDC8A6002C9A61 /* Build configuration list for PBXNativeTarget "LoremPicsumUITests" */ = {
			isa = XCConfigurationList;
			buildConfigurations = (
				D8A317552EFDC8A6002C9A61 /* Debug */,
				D8A317562EFDC8A6002C9A61 /* Release */,
			);
			defaultConfigurationIsVisible = 0;
			defaultConfigurationName = Release;
		};
/* End XCConfigurationList section */
	};
	rootObject = D8A317252EFDC8A2002C9A61 /* Project object */;
}
